
Microsoft Visual Studio Solution File, Format Version 12.00
# Visual Studio Version 17
VisualStudioVersion = 17.12.35527.113 d17.12
MinimumVisualStudioVersion = 10.0.40219.1
Project("{FAE04EC0-301F-11D3-BF4B-00C04F79EFBC}") = "Week4Loops", "Week4Loops\Week4Loops.csproj", "{02E64F19-997F-4457-9D1C-493FA1BF0CD7}"
EndProject
Project("{FAE04EC0-301F-11D3-BF4B-00C04F79EFBC}") = "WhileLoops", "WhileLoops\WhileLoops.csproj", "{889C7DF3-CB8E-4C1B-BEBE-9D5F026B0D95}"
EndProject
Project("{FAE04EC0-301F-11D3-BF4B-00C04F79EFBC}") = "RandomNumber", "RandomNumber\RandomNumber.csproj", "{2ECF5572-B5D5-4DAB-8704-9C4993538D5A}"
EndProject
Project("{FAE04EC0-301F-11D3-BF4B-00C04F79EFBC}") = "ForLoopSum", "ForLoopSum\ForLoopSum.csproj", "{BE16404C-14ED-478A-BCB5-3917A527CB2F}"
EndProject
Global
	GlobalSection(SolutionConfigurationPlatforms) = preSolution
		Debug|Any CPU = Debug|Any CPU
		Release|Any CPU = Release|Any CPU
	EndGlobalSection
	GlobalSection(ProjectConfigurationPlatforms) = postSolution
		{02E64F19-997F-4457-9D1C-493FA1BF0CD7}.Debug|Any CPU.ActiveCfg = Debug|Any CPU
		{02E64F19-997F-4457-9D1C-493FA1BF0CD7}.Debug|Any CPU.Build.0 = Debug|Any CPU
		{02E64F19-997F-4457-9D1C-493FA1BF0CD7}.Release|Any CPU.ActiveCfg = Release|Any CPU
		{02E64F19-997F-4457-9D1C-493FA1BF0CD7}.Release|Any CPU.Build.0 = Release|Any CPU
		{889C7DF3-CB8E-4C1B-BEBE-9D5F026B0D95}.Debug|Any CPU.ActiveCfg = Debug|Any CPU
		{889C7DF3-CB8E-4C1B-BEBE-9D5F026B0D95}.Debug|Any CPU.Build.0 = Debug|Any CPU
		{889C7DF3-CB8E-4C1B-BEBE-9D5F026B0D95}.Release|Any CPU.ActiveCfg = Release|Any CPU
		{889C7DF3-CB8E-4C1B-BEBE-9D5F026B0D95}.Release|Any CPU.Build.0 = Release|Any CPU
		{2ECF5572-B5D5-4DAB-8704-9C4993538D5A}.Debug|Any CPU.ActiveCfg = Debug|Any CPU
		{2ECF5572-B5D5-4DAB-8704-9C4993538D5A}.Debug|Any CPU.Build.0 = Debug|Any CPU
		{2ECF5572-B5D5-4DAB-8704-9C4993538D5A}.Release|Any CPU.ActiveCfg = Release|Any CPU
		{2ECF5572-B5D5-4DAB-8704-9C4993538D5A}.Release|Any CPU.Build.0 = Release|Any CPU
		{BE16404C-14ED-478A-BCB5-3917A527CB2F}.Debug|Any CPU.ActiveCfg = Debug|Any CPU
		{BE16404C-14ED-478A-BCB5-3917A527CB2F}.Debug|Any CPU.Build.0 = Debug|Any CPU
		{BE16404C-14ED-478A-BCB5-3917A527CB2F}.Release|Any CPU.ActiveCfg = Release|Any CPU
		{BE16404C-14ED-478A-BCB5-3917A527CB2F}.Release|Any CPU.Build.0 = Release|Any CPU
	EndGlobalSection
	GlobalSection(SolutionProperties) = preSolution
		HideSolutionNode = FALSE
	EndGlobalSection
EndGlobal
